{
  "name": "package-test",
  "lockfileVersion": 2,
  "requires": true,
  "packages": {
    "": {
      "name": "package-test",
      "license": "MIT",
      "workspaces": [
        "packages/*"
      ]
    },
    "node_modules/@seismic-rainier/package-a": {
      "resolved": "packages/package-a",
      "link": true
    },
    "node_modules/@seismic-rainier/package-b": {
      "resolved": "packages/package-b",
      "link": true
    },
    "packages/package-a": {
      "name": "@seismic-rainier/package-a",
      "version": "0.0.0-development",
      "license": "MIT"
    },
    "packages/package-b": {
      "name": "@seismic-rainier/package-b",
      "version": "0.0.0-development",
      "license": "MIT",
      "dependencies": {
        "@seismic-rainier/package-a": "^0.0.0-development"
      }
    }
  },
  "dependencies": {
    "@seismic-rainier/package-a": {
      "version": "file:packages/package-a"
    },
    "@seismic-rainier/package-b": {
      "version": "file:packages/package-b",
      "requires": {
        "@seismic-rainier/package-a": "^0.0.0-development"
      }
    }
  }
}
